{
    "_meta": {
        "hash": {
            "sha256": "9399bdc9a54952f07c93bc126ac9d93fba8403c355f1d4410c9dc9073fc1049b"
        },
        "pipfile-spec": 6,
        "requires": {},
        "sources": [
            {
                "name": "pypi",
                "url": "https://pypi.org/simple",
                "verify_ssl": true
            }
        ]
    },
    "default": {
        "attrs": {
            "hashes": [
                "sha256:1f28b4522cdc2fb4256ac1a020c78acf9cba2c6b461ccd2c126f3aa8e8335d04",
                "sha256:6279836d581513a26f1bf235f9acd333bc9115683f14f7e8fae46c98fc50e015"
            ],
            "index": "pypi",
            "markers": "python_version >= '3.7'",
            "version": "==23.1.0"
        }
    },
    "develop": {}
}
