{
    "_meta": {
        "hash": {
            "sha256": "7240102691496171b2e0ac307d4cb4ea59d2baf4996fc5a40c49caebf3bbc9b4"
        },
        "pipfile-spec": 6,
        "requires": {
            "python_full_version": "3.12.0",
            "python_version": "3.12"
        },
        "sources": [
            {
                "name": "pypi",
                "url": "https://pypi.org/simple",
                "verify_ssl": true
            }
        ]
    },
    "default": {
        "attrs": {
            "hashes": [
                "sha256:1f28b4522cdc2fb4256ac1a020c78acf9cba2c6b461ccd2c126f3aa8e8335d04",
                "sha256:6279836d581513a26f1bf235f9acd333bc9115683f14f7e8fae46c98fc50e015"
            ],
            "index": "pypi",
            "version": "==23.1.0"
        }
    },
    "develop": {}
}
